github.com/caseymrm/askm v1.0.0 h1:Ff5QN5GwuyCzg63++hU1jV+1JVYHYd0sw6KUkVd2GiQ=
github.com/caseymrm/askm v1.0.0/go.mod h1:raj+vtH8SsGkuSg1/970qaONNyNlIb7zFv2LDVk6j+U=
github.com/caseymrm/go-caffeinate v1.0.0 h1:fbHfzQkNK6l/WqC9k5ZXUE2+P5Iwy34kPtxBpBVI8lA=
github.com/caseymrm/go-caffeinate v1.0.0/go.mod h1:gXx40jOf0W/tasszHsTf5Uxe6+zS9+5SMyBudE75Pzs=
github.com/caseymrm/go-clamshell v1.0.1 h1:BWUf0uIPyT/aQ+QNnKOuJeI6iwvW2xMxfiPGxFW2qz8=
github.com/caseymrm/go-clamshell v1.0.1/go.mod h1:EH815Qd3cw5WHTqwn4i+TtjTns9tlpn0v/Nf5PIhu/0=
github.com/caseymrm/go-pmset v1.0.0 h1:iXc5GlLSqdR0C0GW9nvxvF02ynUkbeVNhAPoYPW+psg=
github.com/caseymrm/go-pmset v1.0.0/go.mod h1:MYha1Z8OJEvuLrM+7xZGkPGwpkzJ5uZ+M89hJkQoFD4=
github.com/caseymrm/menuet/v2 v2.1.1 h1:9Iv0bP40xYHZJySwIDljrWEGYf2bNd8J1NMgWNED11k=
github.com/caseymrm/menuet/v2 v2.1.1/go.mod h1:ZFPTrTUdPWdVFjb6FQPbbDNtYD0X3/svM+QTkMYFHjM=
